
Microsoft Visual Studio Solution File, Format Version 12.00
# Visual Studio Version 17
VisualStudioVersion = 17.5.33627.172
MinimumVisualStudioVersion = 10.0.40219.1
Project("{FAE04EC0-301F-11D3-BF4B-00C04F79EFBC}") = "Client", "Client.csproj", "{1474B5CF-AEBD-43F8-88A1-F91620F10343}"
EndProject
Global
	GlobalSection(SolutionConfigurationPlatforms) = preSolution
		Debug|Any CPU = Debug|Any CPU
		Release|Any CPU = Release|Any CPU
	EndGlobalSection
	GlobalSection(ProjectConfigurationPlatforms) = postSolution
		{1474B5CF-AEBD-43F8-88A1-F91620F10343}.Debug|Any CPU.ActiveCfg = Debug|Any CPU
		{1474B5CF-AEBD-43F8-88A1-F91620F10343}.Debug|Any CPU.Build.0 = Debug|Any CPU
		{1474B5CF-AEBD-43F8-88A1-F91620F10343}.Release|Any CPU.ActiveCfg = Release|Any CPU
		{1474B5CF-AEBD-43F8-88A1-F91620F10343}.Release|Any CPU.Build.0 = Release|Any CPU
	EndGlobalSection
	GlobalSection(SolutionProperties) = preSolution
		HideSolutionNode = FALSE
	EndGlobalSection
	GlobalSection(ExtensibilityGlobals) = postSolution
		SolutionGuid = {6A686E89-0698-4AA8-B213-A6B6F4355AEB}
	EndGlobalSection
EndGlobal
