
Microsoft Visual Studio Solution File, Format Version 12.00
# Visual Studio Version 17
VisualStudioVersion = 17.7.34024.191
MinimumVisualStudioVersion = 10.0.40219.1
Project("{9A19103F-16F7-4668-BE54-9A1E7A4F7556}") = "Lab2.Tests", "Lab2.Tests\Lab2.Tests.csproj", "{1729C7F6-C813-46AF-A0B9-CB8E79A1BD4C}"
EndProject
Project("{9A19103F-16F7-4668-BE54-9A1E7A4F7556}") = "Lab2.Library", "Lab2.Library\Lab2.Library.csproj", "{608A2651-2083-4946-B211-25D6182CA5C8}"
EndProject
Global
	GlobalSection(SolutionConfigurationPlatforms) = preSolution
		Debug|Any CPU = Debug|Any CPU
		Release|Any CPU = Release|Any CPU
	EndGlobalSection
	GlobalSection(ProjectConfigurationPlatforms) = postSolution
		{1729C7F6-C813-46AF-A0B9-CB8E79A1BD4C}.Debug|Any CPU.ActiveCfg = Debug|Any CPU
		{1729C7F6-C813-46AF-A0B9-CB8E79A1BD4C}.Debug|Any CPU.Build.0 = Debug|Any CPU
		{1729C7F6-C813-46AF-A0B9-CB8E79A1BD4C}.Release|Any CPU.ActiveCfg = Release|Any CPU
		{1729C7F6-C813-46AF-A0B9-CB8E79A1BD4C}.Release|Any CPU.Build.0 = Release|Any CPU
		{608A2651-2083-4946-B211-25D6182CA5C8}.Debug|Any CPU.ActiveCfg = Debug|Any CPU
		{608A2651-2083-4946-B211-25D6182CA5C8}.Debug|Any CPU.Build.0 = Debug|Any CPU
		{608A2651-2083-4946-B211-25D6182CA5C8}.Release|Any CPU.ActiveCfg = Release|Any CPU
		{608A2651-2083-4946-B211-25D6182CA5C8}.Release|Any CPU.Build.0 = Release|Any CPU
	EndGlobalSection
	GlobalSection(SolutionProperties) = preSolution
		HideSolutionNode = FALSE
	EndGlobalSection
	GlobalSection(ExtensibilityGlobals) = postSolution
		SolutionGuid = {54787B40-77F7-473F-8333-9693C703CE08}
	EndGlobalSection
EndGlobal
