
Microsoft Visual Studio Solution File, Format Version 12.00
# Visual Studio Version 17
VisualStudioVersion = 17.3.32901.215
MinimumVisualStudioVersion = 10.0.40219.1
Project("{9A19103F-16F7-4668-BE54-9A1E7A4F7556}") = "TiLab4", "TiLab4.csproj", "{D42B9AA2-EE22-4B10-985C-2AEE13E05096}"
EndProject
Global
	GlobalSection(SolutionConfigurationPlatforms) = preSolution
		Debug|Any CPU = Debug|Any CPU
		Release|Any CPU = Release|Any CPU
	EndGlobalSection
	GlobalSection(ProjectConfigurationPlatforms) = postSolution
		{D42B9AA2-EE22-4B10-985C-2AEE13E05096}.Debug|Any CPU.ActiveCfg = Debug|Any CPU
		{D42B9AA2-EE22-4B10-985C-2AEE13E05096}.Debug|Any CPU.Build.0 = Debug|Any CPU
		{D42B9AA2-EE22-4B10-985C-2AEE13E05096}.Release|Any CPU.ActiveCfg = Release|Any CPU
		{D42B9AA2-EE22-4B10-985C-2AEE13E05096}.Release|Any CPU.Build.0 = Release|Any CPU
	EndGlobalSection
	GlobalSection(SolutionProperties) = preSolution
		HideSolutionNode = FALSE
	EndGlobalSection
	GlobalSection(ExtensibilityGlobals) = postSolution
		SolutionGuid = {33C35EEA-830D-45CD-B048-AEEB220156E8}
	EndGlobalSection
EndGlobal
