
Microsoft Visual Studio Solution File, Format Version 12.00
# Visual Studio Version 17
VisualStudioVersion = 17.7.34031.279
MinimumVisualStudioVersion = 10.0.40219.1
Project("{FAE04EC0-301F-11D3-BF4B-00C04F79EFBC}") = "Client", "Client\Client.csproj", "{B16C6FF3-3C54-4B40-B603-7EC366933B1A}"
EndProject
Project("{FAE04EC0-301F-11D3-BF4B-00C04F79EFBC}") = "Server", "Server\Server.csproj", "{436FA6B6-AD51-4FCB-9EF3-68C46099ECEF}"
EndProject
Global
	GlobalSection(SolutionConfigurationPlatforms) = preSolution
		Debug|Any CPU = Debug|Any CPU
		Release|Any CPU = Release|Any CPU
	EndGlobalSection
	GlobalSection(ProjectConfigurationPlatforms) = postSolution
		{B16C6FF3-3C54-4B40-B603-7EC366933B1A}.Debug|Any CPU.ActiveCfg = Debug|Any CPU
		{B16C6FF3-3C54-4B40-B603-7EC366933B1A}.Debug|Any CPU.Build.0 = Debug|Any CPU
		{B16C6FF3-3C54-4B40-B603-7EC366933B1A}.Release|Any CPU.ActiveCfg = Release|Any CPU
		{B16C6FF3-3C54-4B40-B603-7EC366933B1A}.Release|Any CPU.Build.0 = Release|Any CPU
		{436FA6B6-AD51-4FCB-9EF3-68C46099ECEF}.Debug|Any CPU.ActiveCfg = Debug|Any CPU
		{436FA6B6-AD51-4FCB-9EF3-68C46099ECEF}.Debug|Any CPU.Build.0 = Debug|Any CPU
		{436FA6B6-AD51-4FCB-9EF3-68C46099ECEF}.Release|Any CPU.ActiveCfg = Release|Any CPU
		{436FA6B6-AD51-4FCB-9EF3-68C46099ECEF}.Release|Any CPU.Build.0 = Release|Any CPU
	EndGlobalSection
	GlobalSection(SolutionProperties) = preSolution
		HideSolutionNode = FALSE
	EndGlobalSection
	GlobalSection(ExtensibilityGlobals) = postSolution
		SolutionGuid = {2B37FF41-505C-451D-BE8E-BBCC942160E6}
	EndGlobalSection
EndGlobal
