
Microsoft Visual Studio Solution File, Format Version 12.00
# Visual Studio Version 17
VisualStudioVersion = 17.3.32825.248
MinimumVisualStudioVersion = 10.0.40219.1
Project("{FAE04EC0-301F-11D3-BF4B-00C04F79EFBC}") = "LabWork1", "LabWork1\LabWork1.csproj", "{0F78CA1C-8733-4198-B4D8-578D57F9AA77}"
EndProject
Global
	GlobalSection(SolutionConfigurationPlatforms) = preSolution
		Debug|Any CPU = Debug|Any CPU
		Release|Any CPU = Release|Any CPU
	EndGlobalSection
	GlobalSection(ProjectConfigurationPlatforms) = postSolution
		{0F78CA1C-8733-4198-B4D8-578D57F9AA77}.Debug|Any CPU.ActiveCfg = Debug|Any CPU
		{0F78CA1C-8733-4198-B4D8-578D57F9AA77}.Debug|Any CPU.Build.0 = Debug|Any CPU
		{0F78CA1C-8733-4198-B4D8-578D57F9AA77}.Release|Any CPU.ActiveCfg = Release|Any CPU
		{0F78CA1C-8733-4198-B4D8-578D57F9AA77}.Release|Any CPU.Build.0 = Release|Any CPU
	EndGlobalSection
	GlobalSection(SolutionProperties) = preSolution
		HideSolutionNode = FALSE
	EndGlobalSection
	GlobalSection(ExtensibilityGlobals) = postSolution
		SolutionGuid = {4A77C525-0204-4093-90EC-7E924F5B1DB0}
	EndGlobalSection
EndGlobal
