
Microsoft Visual Studio Solution File, Format Version 12.00
# Visual Studio Version 17
VisualStudioVersion = 17.7.34031.279
MinimumVisualStudioVersion = 10.0.40219.1
Project("{9A19103F-16F7-4668-BE54-9A1E7A4F7556}") = "Server", "Server.csproj", "{2FDF2A89-9F9B-40B1-89DC-3A9C4436627F}"
EndProject
Project("{9A19103F-16F7-4668-BE54-9A1E7A4F7556}") = "Client", "..\Client\Client.csproj", "{7543472A-494D-4055-AA42-DAF4D0213536}"
EndProject
Global
	GlobalSection(SolutionConfigurationPlatforms) = preSolution
		Debug|Any CPU = Debug|Any CPU
		Release|Any CPU = Release|Any CPU
	EndGlobalSection
	GlobalSection(ProjectConfigurationPlatforms) = postSolution
		{2FDF2A89-9F9B-40B1-89DC-3A9C4436627F}.Debug|Any CPU.ActiveCfg = Debug|Any CPU
		{2FDF2A89-9F9B-40B1-89DC-3A9C4436627F}.Debug|Any CPU.Build.0 = Debug|Any CPU
		{2FDF2A89-9F9B-40B1-89DC-3A9C4436627F}.Release|Any CPU.ActiveCfg = Release|Any CPU
		{2FDF2A89-9F9B-40B1-89DC-3A9C4436627F}.Release|Any CPU.Build.0 = Release|Any CPU
		{7543472A-494D-4055-AA42-DAF4D0213536}.Debug|Any CPU.ActiveCfg = Debug|Any CPU
		{7543472A-494D-4055-AA42-DAF4D0213536}.Debug|Any CPU.Build.0 = Debug|Any CPU
		{7543472A-494D-4055-AA42-DAF4D0213536}.Release|Any CPU.ActiveCfg = Release|Any CPU
		{7543472A-494D-4055-AA42-DAF4D0213536}.Release|Any CPU.Build.0 = Release|Any CPU
	EndGlobalSection
	GlobalSection(SolutionProperties) = preSolution
		HideSolutionNode = FALSE
	EndGlobalSection
	GlobalSection(ExtensibilityGlobals) = postSolution
		SolutionGuid = {1F70D57F-CD2F-4D04-9850-FB11440982D8}
	EndGlobalSection
EndGlobal
